{
  "name": "State-zip-code-GeoJSON",
  "lockfileVersion": 3,
  "requires": true,
  "packages": {
    "": {
      "dependencies": {
        "@turf/simplify": "^7.1.0"
      }
    },
    "node_modules/@turf/clean-coords": {
      "version": "7.1.0",
      "resolved": "https://registry.npmjs.org/@turf/clean-coords/-/clean-coords-7.1.0.tgz",
      "integrity": "sha512-q1U8UbRVL5cRdwOlNjD8mad8pWjFGe0s4ihg1pSiVNq7i47WASJ3k20yZiUFvuAkyNjV0rZ/A7Jd7WzjcierFg==",
      "dependencies": {
        "@turf/helpers": "^7.1.0",
        "@turf/invariant": "^7.1.0",
        "@types/geojson": "^7946.0.10",
        "tslib": "^2.6.2"
      },
      "funding": {
        "url": "https://opencollective.com/turf"
      }
    },
    "node_modules/@turf/clone": {
      "version": "7.1.0",
      "resolved": "https://registry.npmjs.org/@turf/clone/-/clone-7.1.0.tgz",
      "integrity": "sha512-5R9qeWvL7FDdBIbEemd0eCzOStr09oburDvJ1hRiPCFX6rPgzcZBQ0gDmZzoF4AFcNLb5IwknbLZjVLaUGWtFA==",
      "dependencies": {
        "@turf/helpers": "^7.1.0",
        "@types/geojson": "^7946.0.10",
        "tslib": "^2.6.2"
      },
      "funding": {
        "url": "https://opencollective.com/turf"
      }
    },
    "node_modules/@turf/helpers": {
      "version": "7.1.0",
      "resolved": "https://registry.npmjs.org/@turf/helpers/-/helpers-7.1.0.tgz",
      "integrity": "sha512-dTeILEUVeNbaEeoZUOhxH5auv7WWlOShbx7QSd4s0T4Z0/iz90z9yaVCtZOLbU89umKotwKaJQltBNO9CzVgaQ==",
      "dependencies": {
        "@types/geojson": "^7946.0.10",
        "tslib": "^2.6.2"
      },
      "funding": {
        "url": "https://opencollective.com/turf"
      }
    },
    "node_modules/@turf/invariant": {
      "version": "7.1.0",
      "resolved": "https://registry.npmjs.org/@turf/invariant/-/invariant-7.1.0.tgz",
      "integrity": "sha512-OCLNqkItBYIP1nE9lJGuIUatWGtQ4rhBKAyTfFu0z8npVzGEYzvguEeof8/6LkKmTTEHW53tCjoEhSSzdRh08Q==",
      "dependencies": {
        "@turf/helpers": "^7.1.0",
        "@types/geojson": "^7946.0.10",
        "tslib": "^2.6.2"
      },
      "funding": {
        "url": "https://opencollective.com/turf"
      }
    },
    "node_modules/@turf/meta": {
      "version": "7.1.0",
      "resolved": "https://registry.npmjs.org/@turf/meta/-/meta-7.1.0.tgz",
      "integrity": "sha512-ZgGpWWiKz797Fe8lfRj7HKCkGR+nSJ/5aKXMyofCvLSc2PuYJs/qyyifDPWjASQQCzseJ7AlF2Pc/XQ/3XkkuA==",
      "dependencies": {
        "@turf/helpers": "^7.1.0",
        "@types/geojson": "^7946.0.10"
      },
      "funding": {
        "url": "https://opencollective.com/turf"
      }
    },
    "node_modules/@turf/simplify": {
      "version": "7.1.0",
      "resolved": "https://registry.npmjs.org/@turf/simplify/-/simplify-7.1.0.tgz",
      "integrity": "sha512-JypymaoiSiFzGHwEoUkK0OPW1KQSnH3hEsEW3UIRS+apzltJ4HdFovYjsfqQgGZJZ+NJ9+dv7h8pgGLYuqcBUQ==",
      "dependencies": {
        "@turf/clean-coords": "^7.1.0",
        "@turf/clone": "^7.1.0",
        "@turf/helpers": "^7.1.0",
        "@turf/meta": "^7.1.0",
        "@types/geojson": "^7946.0.10",
        "tslib": "^2.6.2"
      },
      "funding": {
        "url": "https://opencollective.com/turf"
      }
    },
    "node_modules/@types/geojson": {
      "version": "7946.0.14",
      "resolved": "https://registry.npmjs.org/@types/geojson/-/geojson-7946.0.14.tgz",
      "integrity": "sha512-WCfD5Ht3ZesJUsONdhvm84dmzWOiOzOAqOncN0++w0lBw1o8OuDNJF2McvvCef/yBqb/HYRahp1BYtODFQ8bRg=="
    },
    "node_modules/tslib": {
      "version": "2.7.0",
      "resolved": "https://registry.npmjs.org/tslib/-/tslib-2.7.0.tgz",
      "integrity": "sha512-gLXCKdN1/j47AiHiOkJN69hJmcbGTHI0ImLmbYLHykhgeN0jVGola9yVjFgzCUklsZQMW55o+dW7IXv3RCXDzA=="
    }
  }
}
